{
  "name": "coomext",
  "version": "1.0.0",
  "lockfileVersion": 2,
  "requires": true,
  "packages": {
    "": {
      "name": "coomext",
      "version": "1.0.0",
      "license": "ISC",
      "dependencies": {
        "@types/tampermonkey": "^4.0.5"
      }
    },
    "node_modules/@types/tampermonkey": {
      "version": "4.0.5",
      "resolved": "https://registry.npmjs.org/@types/tampermonkey/-/tampermonkey-4.0.5.tgz",
      "integrity": "sha512-FGPo7d+qZkDF7vyrwY1WNhcUnfDyVpt2uyL7krAu3WKCUMCfIUzOuvt8aSk8N2axHT8XPr9stAEDGVHLvag6Pw=="
    }
  },
  "dependencies": {
    "@types/tampermonkey": {
      "version": "4.0.5",
      "resolved": "https://registry.npmjs.org/@types/tampermonkey/-/tampermonkey-4.0.5.tgz",
      "integrity": "sha512-FGPo7d+qZkDF7vyrwY1WNhcUnfDyVpt2uyL7krAu3WKCUMCfIUzOuvt8aSk8N2axHT8XPr9stAEDGVHLvag6Pw=="
    }
  }
}
